{
  "requires": true,
  "lockfileVersion": 1,
  "dependencies": {
    "echarts": {
      "version": "4.4.0",
      "resolved": "http://npm.linkdoc.com/echarts/-/echarts-4.4.0.tgz",
      "integrity": "sha1-1SYFZs7wuY9aALrxtQEOksHCNmE=",
      "requires": {
        "zrender": "4.1.1"
      }
    },
    "jquery": {
      "version": "3.4.1",
      "resolved": "https://registry.npmjs.org/jquery/-/jquery-3.4.1.tgz",
      "integrity": "sha512-36+AdBzCL+y6qjw5Tx7HgzeGCzC81MDDgaUP8ld2zhx58HdqXGoBd+tHdrBMiyjGQs0Hxs/MLZTu/eHNJJuWPw=="
    },
    "zrender": {
      "version": "4.1.1",
      "resolved": "http://npm.linkdoc.com/zrender/-/zrender-4.1.1.tgz",
      "integrity": "sha1-IB5YpVzxp+lz4dutPBVZbvh3n1Q="
    }
  }
}
